
Microsoft Visual Studio Solution File, Format Version 12.00
# Visual Studio Version 17
VisualStudioVersion = 17.6.33723.286
MinimumVisualStudioVersion = 10.0.40219.1
Project("{9A19103F-16F7-4668-BE54-9A1E7A4F7556}") = "Company.Store.API", "Company.Store.API\Company.Store.API.csproj", "{AC8DD156-8095-4CD6-9BBC-984BE919CC89}"
EndProject
Global
	GlobalSection(SolutionConfigurationPlatforms) = preSolution
		Debug|Any CPU = Debug|Any CPU
		Release|Any CPU = Release|Any CPU
	EndGlobalSection
	GlobalSection(ProjectConfigurationPlatforms) = postSolution
		{AC8DD156-8095-4CD6-9BBC-984BE919CC89}.Debug|Any CPU.ActiveCfg = Debug|Any CPU
		{AC8DD156-8095-4CD6-9BBC-984BE919CC89}.Debug|Any CPU.Build.0 = Debug|Any CPU
		{AC8DD156-8095-4CD6-9BBC-984BE919CC89}.Release|Any CPU.ActiveCfg = Release|Any CPU
		{AC8DD156-8095-4CD6-9BBC-984BE919CC89}.Release|Any CPU.Build.0 = Release|Any CPU
	EndGlobalSection
	GlobalSection(SolutionProperties) = preSolution
		HideSolutionNode = FALSE
	EndGlobalSection
	GlobalSection(ExtensibilityGlobals) = postSolution
		SolutionGuid = {A821F52B-61BA-471F-9891-D3718F0BDB68}
	EndGlobalSection
EndGlobal
